
Microsoft Visual Studio Solution File, Format Version 12.00
# Visual Studio Version 17
VisualStudioVersion = 17.0.31903.59
MinimumVisualStudioVersion = 10.0.40219.1
Project("{FAE04EC0-301F-11D3-BF4B-00C04F79EFBC}") = "InventoryManagementSystem", "InventoryManagementSystem.csproj", "{8961AAE4-6FF1-4E0A-AA37-E3B663915DA9}"
EndProject
Project("{FAE04EC0-301F-11D3-BF4B-00C04F79EFBC}") = "InventoryManagementSystem.Tests", "InventoryManagementSystem.Tests\InventoryManagementSystem.Tests.csproj", "{0E562BE3-EF46-41F1-BFF4-BB6D27941581}"
EndProject
Global
	GlobalSection(SolutionConfigurationPlatforms) = preSolution
		Debug|Any CPU = Debug|Any CPU
		Release|Any CPU = Release|Any CPU
	EndGlobalSection
	GlobalSection(SolutionProperties) = preSolution
		HideSolutionNode = FALSE
	EndGlobalSection
	GlobalSection(ProjectConfigurationPlatforms) = postSolution
		{8961AAE4-6FF1-4E0A-AA37-E3B663915DA9}.Debug|Any CPU.ActiveCfg = Debug|Any CPU
		{8961AAE4-6FF1-4E0A-AA37-E3B663915DA9}.Debug|Any CPU.Build.0 = Debug|Any CPU
		{8961AAE4-6FF1-4E0A-AA37-E3B663915DA9}.Release|Any CPU.ActiveCfg = Release|Any CPU
		{8961AAE4-6FF1-4E0A-AA37-E3B663915DA9}.Release|Any CPU.Build.0 = Release|Any CPU
		{0E562BE3-EF46-41F1-BFF4-BB6D27941581}.Debug|Any CPU.ActiveCfg = Debug|Any CPU
		{0E562BE3-EF46-41F1-BFF4-BB6D27941581}.Debug|Any CPU.Build.0 = Debug|Any CPU
		{0E562BE3-EF46-41F1-BFF4-BB6D27941581}.Release|Any CPU.ActiveCfg = Release|Any CPU
		{0E562BE3-EF46-41F1-BFF4-BB6D27941581}.Release|Any CPU.Build.0 = Release|Any CPU
	EndGlobalSection
EndGlobal
